{
  "name": "property-rate",
  "version": "0.0.0",
  "lockfileVersion": 1,
  "requires": true,
  "dependencies": {
    "camelize": {
      "version": "1.0.0",
      "resolved": "https://registry.npmjs.org/camelize/-/camelize-1.0.0.tgz",
      "integrity": "sha1-FkpUg+Yw+kMh5a8HAg5TGDGyYJs="
    },
    "connect-flash": {
      "version": "0.1.1",
      "resolved": "https://registry.npmjs.org/connect-flash/-/connect-flash-0.1.1.tgz",
      "integrity": "sha1-2GMPJtlaf4UfmVax6MxnMvO2qjA="
    },
    "connect-redis": {
      "version": "3.3.2",
      "resolved": "https://registry.npmjs.org/connect-redis/-/connect-redis-3.3.2.tgz",
      "integrity": "sha512-bOb1lN/AyTDbx9AaSO5712cTwWCFqkIQL/W5wmRGJNzIW+gUIAbuwUFf73TFtIdSELhUKCyYelweQP7FuumF+A==",
      "requires": {
        "debug": "3.1.0",
        "redis": "2.8.0"
      },
      "dependencies": {
        "debug": {
          "version": "3.1.0",
          "resolved": "https://registry.npmjs.org/debug/-/debug-3.1.0.tgz",
          "integrity": "sha512-OX8XqP7/1a9cqkxYw2yXss15f26NKWBpDXQd0/uK/KPqdQhxbPa994hnzjcE2VqQpDslf55723cKPUOGSmMY3g==",
          "requires": {
            "ms": "2.0.0"
          }
        }
      }
    },
    "content-security-policy-builder": {
      "version": "1.1.0",
      "resolved": "https://registry.npmjs.org/content-security-policy-builder/-/content-security-policy-builder-1.1.0.tgz",
      "integrity": "sha1-2R8bB2I2wRmFDH3umSS/VeBXcrM=",
      "requires": {
        "dashify": "0.2.2"
      }
    },
    "cookie": {
      "version": "0.3.1",
      "resolved": "https://registry.npmjs.org/cookie/-/cookie-0.3.1.tgz",
      "integrity": "sha1-5+Ch+e9DtMi6klxcWpboBtFoc7s="
    },
    "cookie-signature": {
      "version": "1.0.6",
      "resolved": "https://registry.npmjs.org/cookie-signature/-/cookie-signature-1.0.6.tgz",
      "integrity": "sha1-4wOogrNCzD7oylE6eZmXNNqzriw="
    },
    "crc": {
      "version": "3.4.4",
      "resolved": "https://registry.npmjs.org/crc/-/crc-3.4.4.tgz",
      "integrity": "sha1-naHpgOO9RPxck79as9ozeNheRms="
    },
    "dasherize": {
      "version": "2.0.0",
      "resolved": "https://registry.npmjs.org/dasherize/-/dasherize-2.0.0.tgz",
      "integrity": "sha1-bYCcnNDPe7iVLYD8hPoT1H3bEwg="
    },
    "dashify": {
      "version": "0.2.2",
      "resolved": "https://registry.npmjs.org/dashify/-/dashify-0.2.2.tgz",
      "integrity": "sha1-agdBWgHJH69KMuONnfunH2HLIP4="
    },
    "depd": {
      "version": "1.1.2",
      "resolved": "https://registry.npmjs.org/depd/-/depd-1.1.2.tgz",
      "integrity": "sha1-m81S4UwJd2PnSbJ0xDRu0uVgtak="
    },
    "dns-prefetch-control": {
      "version": "0.1.0",
      "resolved": "https://registry.npmjs.org/dns-prefetch-control/-/dns-prefetch-control-0.1.0.tgz",
      "integrity": "sha1-YN20V3dOF48flBXwyrsOhbCzALI="
    },
    "dont-sniff-mimetype": {
      "version": "1.0.0",
      "resolved": "https://registry.npmjs.org/dont-sniff-mimetype/-/dont-sniff-mimetype-1.0.0.tgz",
      "integrity": "sha1-WTKJDcn04vGeXrAqIAJuXl78j1g="
    },
    "double-ended-queue": {
      "version": "2.1.0-0",
      "resolved": "https://registry.npmjs.org/double-ended-queue/-/double-ended-queue-2.1.0-0.tgz",
      "integrity": "sha1-ED01J/0xUo9AGIEwyEHv3XgmTlw="
    },
    "expect-ct": {
      "version": "0.1.0",
      "resolved": "https://registry.npmjs.org/expect-ct/-/expect-ct-0.1.0.tgz",
      "integrity": "sha1-UnNWeN4YUwiQ2Ne5XwrGNkCVgJQ="
    },
    "express-session": {
      "version": "1.15.6",
      "resolved": "https://registry.npmjs.org/express-session/-/express-session-1.15.6.tgz",
      "integrity": "sha512-r0nrHTCYtAMrFwZ0kBzZEXa1vtPVrw0dKvGSrKP4dahwBQ1BJpF2/y1Pp4sCD/0kvxV4zZeclyvfmw0B4RMJQA==",
      "requires": {
        "cookie": "0.3.1",
        "cookie-signature": "1.0.6",
        "crc": "3.4.4",
        "debug": "2.6.9",
        "depd": "1.1.2",
        "on-headers": "1.0.1",
        "parseurl": "1.3.2",
        "uid-safe": "2.1.5",
        "utils-merge": "1.0.1"
      },
      "dependencies": {
        "debug": {
          "version": "2.6.9",
          "resolved": "https://registry.npmjs.org/debug/-/debug-2.6.9.tgz",
          "integrity": "sha512-bC7ElrdJaJnPbAP+1EotYvqZsb3ecl5wi6Bfi6BJTUcNowp6cvspg0jXznRTKDjm/E7AdgFBVeAPVMNcKGsHMA==",
          "requires": {
            "ms": "2.0.0"
          }
        }
      }
    },
    "frameguard": {
      "version": "3.0.0",
      "resolved": "https://registry.npmjs.org/frameguard/-/frameguard-3.0.0.tgz",
      "integrity": "sha1-e8rUae57lukdEs6zlZx4I1qScuk="
    },
    "helmet": {
      "version": "3.9.0",
      "resolved": "https://registry.npmjs.org/helmet/-/helmet-3.9.0.tgz",
      "integrity": "sha512-czCyS77TyanWlfVSoGlb9GBJV2Q2zJayKxU5uBw0N1TzDTs/qVNh1SL8Q688KU0i0Sb7lQ/oLtnaEqXzl2yWvA==",
      "requires": {
        "dns-prefetch-control": "0.1.0",
        "dont-sniff-mimetype": "1.0.0",
        "expect-ct": "0.1.0",
        "frameguard": "3.0.0",
        "helmet-csp": "2.6.0",
        "hide-powered-by": "1.0.0",
        "hpkp": "2.0.0",
        "hsts": "2.1.0",
        "ienoopen": "1.0.0",
        "nocache": "2.0.0",
        "referrer-policy": "1.1.0",
        "x-xss-protection": "1.0.0"
      }
    },
    "helmet-csp": {
      "version": "2.6.0",
      "resolved": "https://registry.npmjs.org/helmet-csp/-/helmet-csp-2.6.0.tgz",
      "integrity": "sha512-n/oW9l6RtO4f9YvphsNzdvk1zITrSN7iRT8ojgrJu/N3mVdHl9zE4OjbiHWcR64JK32kbqx90/yshWGXcjUEhw==",
      "requires": {
        "camelize": "1.0.0",
        "content-security-policy-builder": "1.1.0",
        "dasherize": "2.0.0",
        "lodash.reduce": "4.6.0",
        "platform": "1.3.4"
      }
    },
    "hide-powered-by": {
      "version": "1.0.0",
      "resolved": "https://registry.npmjs.org/hide-powered-by/-/hide-powered-by-1.0.0.tgz",
      "integrity": "sha1-SoWtZYgfYoV/xwr3F0oRhNzM4ys="
    },
    "hpkp": {
      "version": "2.0.0",
      "resolved": "https://registry.npmjs.org/hpkp/-/hpkp-2.0.0.tgz",
      "integrity": "sha1-EOFCJk52IVpdMMROxD3mTe5tFnI="
    },
    "hsts": {
      "version": "2.1.0",
      "resolved": "https://registry.npmjs.org/hsts/-/hsts-2.1.0.tgz",
      "integrity": "sha512-zXhh/DqgrTXJ7erTN6Fh5k/xjMhDGXCqdYN3wvxUvGUQvnxcFfUd8E+6vLg/nk3ss1TYMb+DhRl25fYABioTvA=="
    },
    "ienoopen": {
      "version": "1.0.0",
      "resolved": "https://registry.npmjs.org/ienoopen/-/ienoopen-1.0.0.tgz",
      "integrity": "sha1-NGpCj0dKrI9QzzeE6i0PFvYr2ms="
    },
    "ini": {
      "version": "1.3.5",
      "resolved": "https://registry.npmjs.org/ini/-/ini-1.3.5.tgz",
      "integrity": "sha512-RZY5huIKCMRWDUqZlEi72f/lmXKMvuszcMBduliQ3nnWbx9X/ZBQO7DijMEYS9EhHBb2qacRUMtC7svLwe0lcw=="
    },
    "lodash.reduce": {
      "version": "4.6.0",
      "resolved": "https://registry.npmjs.org/lodash.reduce/-/lodash.reduce-4.6.0.tgz",
      "integrity": "sha1-8atrg5KZrUj3hKu/R2WW8DuRTTs="
    },
    "ms": {
      "version": "2.0.0",
      "resolved": "https://registry.npmjs.org/ms/-/ms-2.0.0.tgz",
      "integrity": "sha1-VgiurfwAvmwpAd9fmGF4jeDVl8g="
    },
    "nan": {
      "version": "2.8.0",
      "resolved": "https://registry.npmjs.org/nan/-/nan-2.8.0.tgz",
      "integrity": "sha1-7XFfP+neArV6XmJS2QqWZ14fCFo="
    },
    "nanoassert": {
      "version": "1.1.0",
      "resolved": "https://registry.npmjs.org/nanoassert/-/nanoassert-1.1.0.tgz",
      "integrity": "sha1-TzFS4JVA/eKMdvRLGbvNHVpCR40="
    },
    "nocache": {
      "version": "2.0.0",
      "resolved": "https://registry.npmjs.org/nocache/-/nocache-2.0.0.tgz",
      "integrity": "sha1-ICtIAhoMTL3i34DeFaF0Q8i0OYA="
    },
    "node-gyp-build": {
      "version": "3.2.2",
      "resolved": "https://registry.npmjs.org/node-gyp-build/-/node-gyp-build-3.2.2.tgz",
      "integrity": "sha512-t8W/0UqFGl1c+5ORA3NoT3npU+PxWBL9iPhY7ZySSTszodj3RWexmu8niayWBE0v+0DLARvOXsjaAvfmSEQOyQ=="
    },
    "on-headers": {
      "version": "1.0.1",
      "resolved": "https://registry.npmjs.org/on-headers/-/on-headers-1.0.1.tgz",
      "integrity": "sha1-ko9dD0cNSTQmUepnlLCFfBAGk/c="
    },
    "parseurl": {
      "version": "1.3.2",
      "resolved": "https://registry.npmjs.org/parseurl/-/parseurl-1.3.2.tgz",
      "integrity": "sha1-/CidTtiZMRlGDBViUyYs3I3mW/M="
    },
    "passport": {
      "version": "0.4.0",
      "resolved": "https://registry.npmjs.org/passport/-/passport-0.4.0.tgz",
      "integrity": "sha1-xQlWkTR71a07XhgCOMORTRbwWBE=",
      "requires": {
        "passport-strategy": "1.0.0",
        "pause": "0.0.1"
      }
    },
    "passport-local": {
      "version": "1.0.0",
      "resolved": "https://registry.npmjs.org/passport-local/-/passport-local-1.0.0.tgz",
      "integrity": "sha1-H+YyaMkudWBmJkN+O5BmYsFbpu4=",
      "requires": {
        "passport-strategy": "1.0.0"
      }
    },
    "passport-strategy": {
      "version": "1.0.0",
      "resolved": "https://registry.npmjs.org/passport-strategy/-/passport-strategy-1.0.0.tgz",
      "integrity": "sha1-tVOaqPwiWj0a0XlHbd8ja0QPUuQ="
    },
    "pause": {
      "version": "0.0.1",
      "resolved": "https://registry.npmjs.org/pause/-/pause-0.0.1.tgz",
      "integrity": "sha1-HUCLP9t2kjuVQ9lvtMnf1TXZy10="
    },
    "platform": {
      "version": "1.3.4",
      "resolved": "https://registry.npmjs.org/platform/-/platform-1.3.4.tgz",
      "integrity": "sha1-bw+xftqqSPIUQrOpdcBjEw8cPr0="
    },
    "random-bytes": {
      "version": "1.0.0",
      "resolved": "https://registry.npmjs.org/random-bytes/-/random-bytes-1.0.0.tgz",
      "integrity": "sha1-T2ih3Arli9P7lYSMMDJNt11kNgs="
    },
    "redis": {
      "version": "2.8.0",
      "resolved": "https://registry.npmjs.org/redis/-/redis-2.8.0.tgz",
      "integrity": "sha512-M1OkonEQwtRmZv4tEWF2VgpG0JWJ8Fv1PhlgT5+B+uNq2cA3Rt1Yt/ryoR+vQNOQcIEgdCdfH0jr3bDpihAw1A==",
      "requires": {
        "double-ended-queue": "2.1.0-0",
        "redis-commands": "1.3.1",
        "redis-parser": "2.6.0"
      }
    },
    "redis-commands": {
      "version": "1.3.1",
      "resolved": "https://registry.npmjs.org/redis-commands/-/redis-commands-1.3.1.tgz",
      "integrity": "sha1-gdgm9F+pyLIBH0zXoP5ZfSQdRCs="
    },
    "redis-parser": {
      "version": "2.6.0",
      "resolved": "https://registry.npmjs.org/redis-parser/-/redis-parser-2.6.0.tgz",
      "integrity": "sha1-Uu0J2srBCPGmMcB+m2mUHnoZUEs="
    },
    "referrer-policy": {
      "version": "1.1.0",
      "resolved": "https://registry.npmjs.org/referrer-policy/-/referrer-policy-1.1.0.tgz",
      "integrity": "sha1-NXdOtzW/UPtsB46DM0tHI1AgfXk="
    },
    "secure-password": {
      "version": "3.0.0",
      "resolved": "https://registry.npmjs.org/secure-password/-/secure-password-3.0.0.tgz",
      "integrity": "sha512-zgA9VrK8xWm77qHztAR6QU+gu5qLPs0vNxpJuHj2zoW1L58Q8wKxoSUTMok5y45RhG+BnWuBWUScBLd7CM7YHA==",
      "requires": {
        "nanoassert": "1.1.0",
        "sodium-native": "2.1.3"
      }
    },
    "sodium-native": {
      "version": "2.1.3",
      "resolved": "https://registry.npmjs.org/sodium-native/-/sodium-native-2.1.3.tgz",
      "integrity": "sha512-BLZAiHgr1YPD+D50QpbaPGTNzEu5ozJjMgZhpjMJEijherL3u4vNAhgpRJX7Uuypfo9MCdbcB0fguXFijngWzg==",
      "requires": {
        "ini": "1.3.5",
        "nan": "2.8.0",
        "node-gyp-build": "3.2.2"
      }
    },
    "uid-safe": {
      "version": "2.1.5",
      "resolved": "https://registry.npmjs.org/uid-safe/-/uid-safe-2.1.5.tgz",
      "integrity": "sha512-KPHm4VL5dDXKz01UuEd88Df+KzynaohSL9fBh096KWAxSKZQDI2uBrVqtvRM4rwrIrRRKsdLNML/lnaaVSRioA==",
      "requires": {
        "random-bytes": "1.0.0"
      }
    },
    "utils-merge": {
      "version": "1.0.1",
      "resolved": "https://registry.npmjs.org/utils-merge/-/utils-merge-1.0.1.tgz",
      "integrity": "sha1-n5VxD1CiZ5R7LMwSR0HBAoQn5xM="
    },
    "x-xss-protection": {
      "version": "1.0.0",
      "resolved": "https://registry.npmjs.org/x-xss-protection/-/x-xss-protection-1.0.0.tgz",
      "integrity": "sha1-iYr7k4abJGYc+cUvnujbjtB2Tdk="
    }
  }
}
